
Microsoft Visual Studio Solution File, Format Version 12.00
# Visual Studio Version 17
VisualStudioVersion = 17.6.33723.286
MinimumVisualStudioVersion = 10.0.40219.1
Project("{9A19103F-16F7-4668-BE54-9A1E7A4F7556}") = "ACME.Store.Domain", "ACME.Store.Domain\ACME.Store.Domain.csproj", "{2B02190E-49BA-4E39-A5C6-0B583281CC90}"
EndProject
Project("{9A19103F-16F7-4668-BE54-9A1E7A4F7556}") = "ACME.Store.Infrastructure", "ACME.Store.Infrastructure\ACME.Store.Infrastructure.csproj", "{3A276B49-D39F-4540-B71A-3C7E3136F079}"
EndProject
Project("{9A19103F-16F7-4668-BE54-9A1E7A4F7556}") = "ACME.Store.Application", "ACME.Store.Application\ACME.Store.Application.csproj", "{986015C3-0D4B-41E8-88B5-09D23E35B4BF}"
EndProject
Project("{9A19103F-16F7-4668-BE54-9A1E7A4F7556}") = "ACME.Store.Presentation", "ACME.Store.Presentation\ACME.Store.Presentation.csproj", "{9DAEB1FD-BB8D-4C36-B56E-912D2D8B4501}"
EndProject
Project("{E53339B2-1760-4266-BCC7-CA923CBCF16C}") = "ACME.Store.Docker.Compose", "ACME.Store.Docker.Compose.dcproj", "{EDAC62AF-D3F3-43FD-BAFD-AC1AC13E9EDA}"
EndProject
Global
	GlobalSection(SolutionConfigurationPlatforms) = preSolution
		Debug|Any CPU = Debug|Any CPU
		Release|Any CPU = Release|Any CPU
	EndGlobalSection
	GlobalSection(ProjectConfigurationPlatforms) = postSolution
		{2B02190E-49BA-4E39-A5C6-0B583281CC90}.Debug|Any CPU.ActiveCfg = Debug|Any CPU
		{2B02190E-49BA-4E39-A5C6-0B583281CC90}.Debug|Any CPU.Build.0 = Debug|Any CPU
		{2B02190E-49BA-4E39-A5C6-0B583281CC90}.Release|Any CPU.ActiveCfg = Release|Any CPU
		{2B02190E-49BA-4E39-A5C6-0B583281CC90}.Release|Any CPU.Build.0 = Release|Any CPU
		{3A276B49-D39F-4540-B71A-3C7E3136F079}.Debug|Any CPU.ActiveCfg = Debug|Any CPU
		{3A276B49-D39F-4540-B71A-3C7E3136F079}.Debug|Any CPU.Build.0 = Debug|Any CPU
		{3A276B49-D39F-4540-B71A-3C7E3136F079}.Release|Any CPU.ActiveCfg = Release|Any CPU
		{3A276B49-D39F-4540-B71A-3C7E3136F079}.Release|Any CPU.Build.0 = Release|Any CPU
		{986015C3-0D4B-41E8-88B5-09D23E35B4BF}.Debug|Any CPU.ActiveCfg = Debug|Any CPU
		{986015C3-0D4B-41E8-88B5-09D23E35B4BF}.Debug|Any CPU.Build.0 = Debug|Any CPU
		{986015C3-0D4B-41E8-88B5-09D23E35B4BF}.Release|Any CPU.ActiveCfg = Release|Any CPU
		{986015C3-0D4B-41E8-88B5-09D23E35B4BF}.Release|Any CPU.Build.0 = Release|Any CPU
		{9DAEB1FD-BB8D-4C36-B56E-912D2D8B4501}.Debug|Any CPU.ActiveCfg = Debug|Any CPU
		{9DAEB1FD-BB8D-4C36-B56E-912D2D8B4501}.Debug|Any CPU.Build.0 = Debug|Any CPU
		{9DAEB1FD-BB8D-4C36-B56E-912D2D8B4501}.Release|Any CPU.ActiveCfg = Release|Any CPU
		{9DAEB1FD-BB8D-4C36-B56E-912D2D8B4501}.Release|Any CPU.Build.0 = Release|Any CPU
		{EDAC62AF-D3F3-43FD-BAFD-AC1AC13E9EDA}.Debug|Any CPU.ActiveCfg = Debug|Any CPU
		{EDAC62AF-D3F3-43FD-BAFD-AC1AC13E9EDA}.Debug|Any CPU.Build.0 = Debug|Any CPU
		{EDAC62AF-D3F3-43FD-BAFD-AC1AC13E9EDA}.Release|Any CPU.ActiveCfg = Release|Any CPU
		{EDAC62AF-D3F3-43FD-BAFD-AC1AC13E9EDA}.Release|Any CPU.Build.0 = Release|Any CPU
	EndGlobalSection
	GlobalSection(SolutionProperties) = preSolution
		HideSolutionNode = FALSE
	EndGlobalSection
	GlobalSection(ExtensibilityGlobals) = postSolution
		SolutionGuid = {A821F52B-61BA-471F-9891-D3718F0BDB68}
	EndGlobalSection
EndGlobal
